{
  "version": 4,
  "terraform_version": "1.11.3",
  "serial": 13,
  "lineage": "2773055f-ff4c-7eff-b368-55d2933a68b0",
  "outputs": {},
  "resources": [
    {
      "mode": "managed",
      "type": "vault_auth_backend",
      "name": "kubernetes",
      "provider": "provider[\"registry.terraform.io/hashicorp/vault\"]",
      "instances": [
        {
          "schema_version": 1,
          "attributes": {
            "accessor": "auth_kubernetes_5b0da44a",
            "description": "",
            "disable_remount": false,
            "id": "kubernetes",
            "identity_token_key": null,
            "local": false,
            "namespace": null,
            "path": "kubernetes",
            "tune": [],
            "type": "kubernetes"
          },
          "sensitive_attributes": [],
          "private": "eyJzY2hlbWFfdmVyc2lvbiI6IjEifQ=="
        }
      ]
    },
    {
      "mode": "managed",
      "type": "vault_kubernetes_auth_backend_config",
      "name": "this",
      "provider": "provider[\"registry.terraform.io/hashicorp/vault\"]",
      "instances": [
        {
          "schema_version": 0,
          "attributes": {
            "backend": "kubernetes",
            "disable_iss_validation": false,
            "disable_local_ca_jwt": false,
            "id": "auth/kubernetes/config",
            "issuer": "",
            "kubernetes_ca_cert": "-----BEGIN CERTIFICATE-----\nMIIBdjCCAR2gAwIBAgIBADAKBggqhkjOPQQDAjAjMSEwHwYDVQQDDBhrM3Mtc2Vy\ndmVyLWNhQDE3NDQwMjYxMTQwHhcNMjUwNDA3MTE0MTU0WhcNMzUwNDA1MTE0MTU0\nWjAjMSEwHwYDVQQDDBhrM3Mtc2VydmVyLWNhQDE3NDQwMjYxMTQwWTATBgcqhkjO\nPQIBBggqhkjOPQMBBwNCAARyvpnkkYIR1Oo/qmsGYPSeeGYJmQ4x2MB2txuhM7Va\nv8JrS7Qz79035ELybCB2YKLE0/bgczt+RKbnWjiZTOZTo0IwQDAOBgNVHQ8BAf8E\nBAMCAqQwDwYDVR0TAQH/BAUwAwEB/zAdBgNVHQ4EFgQUCatk+cJahjfErFX6TM7J\n+yz3Y8YwCgYIKoZIzj0EAwIDRwAwRAIgEppsgI2DjCN95UijwtekxdkTRDAaxIB0\ndYYc7IgaAh8CIEBgaEhixpi3CQO+gtHG0GkI4sUf6TqWLqfydVZ29dDB\n-----END CERTIFICATE-----\n",
            "kubernetes_host": "https://kubernetes.default.svc",
            "namespace": null,
            "pem_keys": [],
            "token_reviewer_jwt": "eyJhbGciOiJSUzI1NiIsImtpZCI6InFRRDl2bVJ5MVlKUzBaamdTY0RnVTMyekEwZmZqa3hfUVBuWVBDWTlWMlkifQ.eyJhdWQiOlsiaHR0cHM6Ly9rdWJlcm5ldGVzLmRlZmF1bHQuc3ZjLmNsdXN0ZXIubG9jYWwiLCJrM3MiXSwiZXhwIjoxNzc1ODgxMzM0LCJpYXQiOjE3NDQzNDUzMzQsImlzcyI6Imh0dHBzOi8va3ViZXJuZXRlcy5kZWZhdWx0LnN2Yy5jbHVzdGVyLmxvY2FsIiwianRpIjoiMWQ5NmRjNzItY2ZiYS00ZTc1LWI4NjAtYTAyZmJlNDIyYjI5Iiwia3ViZXJuZXRlcy5pbyI6eyJuYW1lc3BhY2UiOiJ2YXVsdCIsIm5vZGUiOnsibmFtZSI6ImszZC13b3Jrc2hvcC1hZ2VudC0wIiwidWlkIjoiNTVhNmM3NWQtZTFiNC00ZjVlLTkzZTQtM2JkOGYyODUyMGI1In0sInBvZCI6eyJuYW1lIjoidmF1bHQtMCIsInVpZCI6IjczNGQzMDZkLTA3MDEtNGVhNC1iYzE3LTlkMTBlODc5M2ExYSJ9LCJzZXJ2aWNlYWNjb3VudCI6eyJuYW1lIjoidmF1bHQiLCJ1aWQiOiI0MjkzNWJjMC01ZDE4LTQ2YjctOTk2ZS00OGQ2ZDFkZjg4NWMifSwid2FybmFmdGVyIjoxNzQ0MzQ4OTQxfSwibmJmIjoxNzQ0MzQ1MzM0LCJzdWIiOiJzeXN0ZW06c2VydmljZWFjY291bnQ6dmF1bHQ6dmF1bHQifQ.GHBk6_XrimvVL7f0a3uZdCE5gkOSSW4SHRd3QHdGH7E00kAJXi_KUTDWFqVvmflWmQBWGWb9f4mRjX3ETxbALpbG25gW0qbYjJILVPU1-yMSVjjx52WY9EXq17mJOzJk9cAiq5Qg4_tAnQfRFczV0q4vFfTsQ0WL5WpeoiF-K18OaYzKzq3-Gp-59KUDxFG-cIXjWK0kdMBZhyVgA3yJUSK_cvT1CeERtoFXqbHewzrpZczGzAi9oG8QXW0clOXBjUyAf34FApaNW8jtmYzQDMcqtDeV_QvxDhfRMNfzz0aXdSXJFNIAlhXplDn6VtfpjLmsThEoZ5_7LhMAXDD32A",
            "use_annotations_as_alias_metadata": false
          },
          "sensitive_attributes": [
            [
              {
                "type": "get_attr",
                "value": "token_reviewer_jwt"
              }
            ]
          ],
          "private": "bnVsbA==",
          "dependencies": [
            "vault_auth_backend.kubernetes"
          ]
        }
      ]
    },
    {
      "mode": "managed",
      "type": "vault_kubernetes_auth_backend_role",
      "name": "dev",
      "provider": "provider[\"registry.terraform.io/hashicorp/vault\"]",
      "instances": [
        {
          "schema_version": 0,
          "attributes": {
            "alias_name_source": "serviceaccount_uid",
            "audience": null,
            "backend": "kubernetes",
            "bound_service_account_names": [
              "vault-sa"
            ],
            "bound_service_account_namespaces": [
              "dev"
            ],
            "id": "auth/kubernetes/role/dev",
            "namespace": null,
            "role_name": "dev",
            "token_bound_cidrs": [],
            "token_explicit_max_ttl": 0,
            "token_max_ttl": 0,
            "token_no_default_policy": false,
            "token_num_uses": 0,
            "token_period": 0,
            "token_policies": [
              "dev"
            ],
            "token_ttl": 3600,
            "token_type": "default"
          },
          "sensitive_attributes": [],
          "private": "bnVsbA==",
          "dependencies": [
            "vault_auth_backend.kubernetes"
          ]
        }
      ]
    },
    {
      "mode": "managed",
      "type": "vault_kubernetes_auth_backend_role",
      "name": "prod",
      "provider": "provider[\"registry.terraform.io/hashicorp/vault\"]",
      "instances": [
        {
          "schema_version": 0,
          "attributes": {
            "alias_name_source": "serviceaccount_uid",
            "audience": null,
            "backend": "kubernetes",
            "bound_service_account_names": [
              "vault-sa"
            ],
            "bound_service_account_namespaces": [
              "prod"
            ],
            "id": "auth/kubernetes/role/prod",
            "namespace": null,
            "role_name": "prod",
            "token_bound_cidrs": [],
            "token_explicit_max_ttl": 0,
            "token_max_ttl": 0,
            "token_no_default_policy": false,
            "token_num_uses": 0,
            "token_period": 0,
            "token_policies": [
              "prod"
            ],
            "token_ttl": 3600,
            "token_type": "default"
          },
          "sensitive_attributes": [],
          "private": "bnVsbA==",
          "dependencies": [
            "vault_auth_backend.kubernetes"
          ]
        }
      ]
    },
    {
      "mode": "managed",
      "type": "vault_kubernetes_auth_backend_role",
      "name": "qa",
      "provider": "provider[\"registry.terraform.io/hashicorp/vault\"]",
      "instances": [
        {
          "schema_version": 0,
          "attributes": {
            "alias_name_source": "serviceaccount_uid",
            "audience": null,
            "backend": "kubernetes",
            "bound_service_account_names": [
              "vault-sa"
            ],
            "bound_service_account_namespaces": [
              "qa"
            ],
            "id": "auth/kubernetes/role/qa",
            "namespace": null,
            "role_name": "qa",
            "token_bound_cidrs": [],
            "token_explicit_max_ttl": 0,
            "token_max_ttl": 0,
            "token_no_default_policy": false,
            "token_num_uses": 0,
            "token_period": 0,
            "token_policies": [
              "qa"
            ],
            "token_ttl": 3600,
            "token_type": "default"
          },
          "sensitive_attributes": [],
          "private": "bnVsbA==",
          "dependencies": [
            "vault_auth_backend.kubernetes"
          ]
        }
      ]
    },
    {
      "mode": "managed",
      "type": "vault_mount",
      "name": "kv_dev",
      "provider": "provider[\"registry.terraform.io/hashicorp/vault\"]",
      "instances": [
        {
          "schema_version": 0,
          "attributes": {
            "accessor": "kv_e111b1ef",
            "allowed_managed_keys": [],
            "allowed_response_headers": [],
            "audit_non_hmac_request_keys": [],
            "audit_non_hmac_response_keys": [],
            "default_lease_ttl_seconds": 0,
            "delegated_auth_accessors": null,
            "description": "KV store for development",
            "external_entropy_access": false,
            "id": "secret-dev",
            "identity_token_key": "",
            "listing_visibility": "",
            "local": false,
            "max_lease_ttl_seconds": 0,
            "namespace": null,
            "options": {
              "version": "2"
            },
            "passthrough_request_headers": [],
            "path": "secret-dev",
            "plugin_version": null,
            "seal_wrap": false,
            "type": "kv"
          },
          "sensitive_attributes": [],
          "private": "bnVsbA=="
        }
      ]
    },
    {
      "mode": "managed",
      "type": "vault_mount",
      "name": "kv_prod",
      "provider": "provider[\"registry.terraform.io/hashicorp/vault\"]",
      "instances": [
        {
          "schema_version": 0,
          "attributes": {
            "accessor": "kv_8bdfab7d",
            "allowed_managed_keys": [],
            "allowed_response_headers": [],
            "audit_non_hmac_request_keys": [],
            "audit_non_hmac_response_keys": [],
            "default_lease_ttl_seconds": 0,
            "delegated_auth_accessors": null,
            "description": "KV store for production",
            "external_entropy_access": false,
            "id": "secret-prod",
            "identity_token_key": "",
            "listing_visibility": "",
            "local": false,
            "max_lease_ttl_seconds": 0,
            "namespace": null,
            "options": {
              "version": "2"
            },
            "passthrough_request_headers": [],
            "path": "secret-prod",
            "plugin_version": null,
            "seal_wrap": false,
            "type": "kv"
          },
          "sensitive_attributes": [],
          "private": "bnVsbA=="
        }
      ]
    },
    {
      "mode": "managed",
      "type": "vault_mount",
      "name": "kv_qa",
      "provider": "provider[\"registry.terraform.io/hashicorp/vault\"]",
      "instances": [
        {
          "schema_version": 0,
          "attributes": {
            "accessor": "kv_551804ae",
            "allowed_managed_keys": [],
            "allowed_response_headers": [],
            "audit_non_hmac_request_keys": [],
            "audit_non_hmac_response_keys": [],
            "default_lease_ttl_seconds": 0,
            "delegated_auth_accessors": null,
            "description": "KV store for QA",
            "external_entropy_access": false,
            "id": "secret-qa",
            "identity_token_key": "",
            "listing_visibility": "",
            "local": false,
            "max_lease_ttl_seconds": 0,
            "namespace": null,
            "options": {
              "version": "2"
            },
            "passthrough_request_headers": [],
            "path": "secret-qa",
            "plugin_version": null,
            "seal_wrap": false,
            "type": "kv"
          },
          "sensitive_attributes": [],
          "private": "bnVsbA=="
        }
      ]
    },
    {
      "mode": "managed",
      "type": "vault_policy",
      "name": "dev",
      "provider": "provider[\"registry.terraform.io/hashicorp/vault\"]",
      "instances": [
        {
          "schema_version": 0,
          "attributes": {
            "id": "dev",
            "name": "dev",
            "namespace": null,
            "policy": "path \"secret-dev/data/*\" {\n  capabilities = [\"read\", \"list\"]\n}\n"
          },
          "sensitive_attributes": [],
          "private": "bnVsbA=="
        }
      ]
    },
    {
      "mode": "managed",
      "type": "vault_policy",
      "name": "prod",
      "provider": "provider[\"registry.terraform.io/hashicorp/vault\"]",
      "instances": [
        {
          "schema_version": 0,
          "attributes": {
            "id": "prod",
            "name": "prod",
            "namespace": null,
            "policy": "path \"secret-prod/data/*\" {\n  capabilities = [\"read\", \"list\"]\n}\n"
          },
          "sensitive_attributes": [],
          "private": "bnVsbA=="
        }
      ]
    },
    {
      "mode": "managed",
      "type": "vault_policy",
      "name": "qa",
      "provider": "provider[\"registry.terraform.io/hashicorp/vault\"]",
      "instances": [
        {
          "schema_version": 0,
          "attributes": {
            "id": "qa",
            "name": "qa",
            "namespace": null,
            "policy": "path \"secret-qa/data/*\" {\n  capabilities = [\"read\", \"list\"]\n}\n"
          },
          "sensitive_attributes": [],
          "private": "bnVsbA=="
        }
      ]
    }
  ],
  "check_results": null
}
